
Microsoft Visual Studio Solution File, Format Version 12.00
# Visual Studio 14
VisualStudioVersion = 14.0.25420.1
MinimumVisualStudioVersion = 10.0.40219.1
Project("{FAE04EC0-301F-11D3-BF4B-00C04F79EFBC}") = "WebCaching", "WebCaching\WebCaching.csproj", "{0A1961D5-674D-4701-B194-A8AC5B14A8FD}"
EndProject
Project("{2150E333-8FDC-42A3-9474-1A3956D46DE8}") = "Nuget", "Nuget", "{C2321964-20B7-4044-9387-18546624FC28}"
EndProject
Project("{FF286327-C783-4F7A-AB73-9BCBAD0D4460}") = "WebCaching", "Nuget\WebCaching\WebCaching.nuproj", "{84A8CD1F-BBCF-412A-A223-DDED77D06DA1}"
EndProject
Global
	GlobalSection(SolutionConfigurationPlatforms) = preSolution
		Debug|Any CPU = Debug|Any CPU
		Release|Any CPU = Release|Any CPU
	EndGlobalSection
	GlobalSection(ProjectConfigurationPlatforms) = postSolution
		{0A1961D5-674D-4701-B194-A8AC5B14A8FD}.Debug|Any CPU.ActiveCfg = Debug|Any CPU
		{0A1961D5-674D-4701-B194-A8AC5B14A8FD}.Debug|Any CPU.Build.0 = Debug|Any CPU
		{0A1961D5-674D-4701-B194-A8AC5B14A8FD}.Release|Any CPU.ActiveCfg = Release|Any CPU
		{0A1961D5-674D-4701-B194-A8AC5B14A8FD}.Release|Any CPU.Build.0 = Release|Any CPU
		{84A8CD1F-BBCF-412A-A223-DDED77D06DA1}.Debug|Any CPU.ActiveCfg = Debug|Any CPU
		{84A8CD1F-BBCF-412A-A223-DDED77D06DA1}.Debug|Any CPU.Build.0 = Debug|Any CPU
		{84A8CD1F-BBCF-412A-A223-DDED77D06DA1}.Release|Any CPU.ActiveCfg = Release|Any CPU
		{84A8CD1F-BBCF-412A-A223-DDED77D06DA1}.Release|Any CPU.Build.0 = Release|Any CPU
	EndGlobalSection
	GlobalSection(SolutionProperties) = preSolution
		HideSolutionNode = FALSE
	EndGlobalSection
	GlobalSection(NestedProjects) = preSolution
		{84A8CD1F-BBCF-412A-A223-DDED77D06DA1} = {C2321964-20B7-4044-9387-18546624FC28}
	EndGlobalSection
EndGlobal
